// !$*UTF8*$!
{
	archiveVersion = 1;
	classes = {
	};
	objectVersion = 46;
	objects = {

/* Begin PBXBuildFile section */
		860692DA1C745B9000E41119 /* AppDelegate.swift in Sources */ = {isa = PBXBuildFile; fileRef = 860692D91C745B9000E41119 /* AppDelegate.swift */; };
		860692DC1C745B9000E41119 /* ViewController.swift in Sources */ = {isa = PBXBuildFile; fileRef = 860692DB1C745B9000E41119 /* ViewController.swift */; };
		860692DF1C745B9000E41119 /* Main.storyboard in Resources */ = {isa = PBXBuildFile; fileRef = 860692DD1C745B9000E41119 /* Main.storyboard */; };
		860692E11C745B9000E41119 /* Assets.xcassets in Resources */ = {isa = PBXBuildFile; fileRef = 860692E01C745B9000E41119 /* Assets.xcassets */; };
		860692E41C745B9000E41119 /* LaunchScreen.storyboard in Resources */ = {isa = PBXBuildFile; fileRef = 860692E21C745B9000E41119 /* LaunchScreen.storyboard */; };
		863AB0641C747BFF00B7BC09 /* IMG_00782.png in Resources */ = {isa = PBXBuildFile; fileRef = 863AB0631C747BFF00B7BC09 /* IMG_00782.png */; };
/* End PBXBuildFile section */

/* Begin PBXFileReference section */
		860692D61C745B9000E41119 /* BlueToothDemo.app */ = {isa = PBXFileReference; explicitFileType = wrapper.application; includeInIndex = 0; path = BlueToothDemo.app; sourceTree = BUILT_PRODUCTS_DIR; };
		860692D91C745B9000E41119 /* AppDelegate.swift */ = {isa = PBXFileReference; lastKnownFileType = sourcecode.swift; path = AppDelegate.swift; sourceTree = "<group>"; };
		860692DB1C745B9000E41119 /* ViewController.swift */ = {isa = PBXFileReference; lastKnownFileType = sourcecode.swift; path = ViewController.swift; sourceTree = "<group>"; };
		860692DE1C745B9000E41119 /* Base */ = {isa = PBXFileReference; lastKnownFileType = file.storyboard; name = Base; path = Base.lproj/Main.storyboard; sourceTree = "<group>"; };
		860692E01C745B9000E41119 /* Assets.xcassets */ = {isa = PBXFileReference; lastKnownFileType = folder.assetcatalog; path = Assets.xcassets; sourceTree = "<group>"; };
		860692E31C745B9000E41119 /* Base */ = {isa = PBXFileReference; lastKnownFileType = file.storyboard; name = Base; path = Base.lproj/LaunchScreen.storyboard; sourceTree = "<group>"; };
		860692E51C745B9000E41119 /* Info.plist */ = {isa = PBXFileReference; lastKnownFileType = text.plist.xml; path = Info.plist; sourceTree = "<group>"; };
		863AB0631C747BFF00B7BC09 /* IMG_00782.png */ = {isa = PBXFileReference; lastKnownFileType = image.png; path = IMG_00782.png; sourceTree = "<group>"; };
/* End PBXFileReference section */

/* Begin PBXFrameworksBuildPhase section */
		860692D31C745B9000E41119 /* Frameworks */ = {
			isa = PBXFrameworksBuildPhase;
			buildActionMask = 2147483647;
			files = (
			);
			runOnlyForDeploymentPostprocessing = 0;
		};
/* End PBXFrameworksBuildPhase section */

/* Begin PBXGroup section */
		860692CD1C745B9000E41119 = {
			isa = PBXGroup;
			children = (
				863AB0631C747BFF00B7BC09 /* IMG_00782.png */,
				860692D81C745B9000E41119 /* BlueToothDemo */,
				860692D71C745B9000E41119 /* Products */,
			);
			sourceTree = "<group>";
		};
		860692D71C745B9000E41119 /* Products */ = {
			isa = PBXGroup;
			children = (
				860692D61C745B9000E41119 /* BlueToothDemo.app */,
			);
			name = Products;
			sourceTree = "<group>";
		};
		860692D81C745B9000E41119 /* BlueToothDemo */ = {
			isa = PBXGroup;
			children = (
				860692D91C745B9000E41119 /* AppDelegate.swift */,
				860692DB1C745B9000E41119 /* ViewController.swift */,
				860692DD1C745B9000E41119 /* Main.storyboard */,
				860692E01C745B9000E41119 /* Assets.xcassets */,
				860692E21C745B9000E41119 /* LaunchScreen.storyboard */,
				860692E51C745B9000E41119 /* Info.plist */,
			);
			path = BlueToothDemo;
			sourceTree = "<group>";
		};
/* End PBXGroup section */

/* Begin PBXNativeTarget section */
		860692D51C745B9000E41119 /* BlueToothDemo */ = {
			isa = PBXNativeTarget;
			buildConfigurationList = 860692E81C745B9000E41119 /* Build configuration list for PBXNativeTarget "BlueToothDemo" */;
			buildPhases = (
				860692D21C745B9000E41119 /* Sources */,
				860692D31C745B9000E41119 /* Frameworks */,
				860692D41C745B9000E41119 /* Resources */,
			);
			buildRules = (
			);
			dependencies = (
			);
			name = BlueToothDemo;
			productName = BlueToothDemo;
			productReference = 860692D61C745B9000E41119 /* BlueToothDemo.app */;
			productType = "com.apple.product-type.application";
		};
/* End PBXNativeTarget section */

/* Begin PBXProject section */
		860692CE1C745B9000E41119 /* Project object */ = {
			isa = PBXProject;
			attributes = {
				LastSwiftUpdateCheck = 0720;
				LastUpgradeCheck = 0720;
				ORGANIZATIONNAME = Gavin;
				TargetAttributes = {
					860692D51C745B9000E41119 = {
						CreatedOnToolsVersion = 7.2.1;
					};
				};
			};
			buildConfigurationList = 860692D11C745B9000E41119 /* Build configuration list for PBXProject "BlueToothDemo" */;
			compatibilityVersion = "Xcode 3.2";
			developmentRegion = English;
			hasScannedForEncodings = 0;
			knownRegions = (
				en,
				Base,
			);
			mainGroup = 860692CD1C745B9000E41119;
			productRefGroup = 860692D71C745B9000E41119 /* Products */;
			projectDirPath = "";
			projectRoot = "";
			targets = (
				860692D51C745B9000E41119 /* BlueToothDemo */,
			);
		};
/* End PBXProject section */

/* Begin PBXResourcesBuildPhase section */
		860692D41C745B9000E41119 /* Resources */ = {
			isa = PBXResourcesBuildPhase;
			buildActionMask = 2147483647;
			files = (
				860692E41C745B9000E41119 /* LaunchScreen.storyboard in Resources */,
				863AB0641C747BFF00B7BC09 /* IMG_00782.png in Resources */,
				860692E11C745B9000E41119 /* Assets.xcassets in Resources */,
				860692DF1C745B9000E41119 /* Main.storyboard in Resources */,
			);
			runOnlyForDeploymentPostprocessing = 0;
		};
/* End PBXResourcesBuildPhase section */

/* Begin PBXSourcesBuildPhase section */
		860692D21C745B9000E41119 /* Sources */ = {
			isa = PBXSourcesBuildPhase;
			buildActionMask = 2147483647;
			files = (
				860692DC1C745B9000E41119 /* ViewController.swift in Sources */,
				860692DA1C745B9000E41119 /* AppDelegate.swift in Sources */,
			);
			runOnlyForDeploymentPostprocessing = 0;
		};
/* End PBXSourcesBuildPhase section */

/* Begin PBXVariantGroup section */
		860692DD1C745B9000E41119 /* Main.storyboard */ = {
			isa = PBXVariantGroup;
			children = (
				860692DE1C745B9000E41119 /* Base */,
			);
			name = Main.storyboard;
			sourceTree = "<group>";
		};
		860692E21C745B9000E41119 /* LaunchScreen.storyboard */ = {
			isa = PBXVariantGroup;
			children = (
				860692E31C745B9000E41119 /* Base */,
			);
			name = LaunchScreen.storyboard;
			sourceTree = "<group>";
		};
/* End PBXVariantGroup section */

/* Begin XCBuildConfiguration section */
		860692E61C745B9000E41119 /* Debug */ = {
			isa = XCBuildConfiguration;
			buildSettings = {
				ALWAYS_SEARCH_USER_PATHS = NO;
				CLANG_CXX_LANGUAGE_STANDARD = "gnu++0x";
				CLANG_CXX_LIBRARY = "libc++";
				CLANG_ENABLE_MODULES = YES;
				CLANG_ENABLE_OBJC_ARC = YES;
				CLANG_WARN_BOOL_CONVERSION = YES;
				CLANG_WARN_CONSTANT_CONVERSION = YES;
				CLANG_WARN_DIRECT_OBJC_ISA_USAGE = YES_ERROR;
				CLANG_WARN_EMPTY_BODY = YES;
				CLANG_WARN_ENUM_CONVERSION = YES;
				CLANG_WARN_INT_CONVERSION = YES;
				CLANG_WARN_OBJC_ROOT_CLASS = YES_ERROR;
				CLANG_WARN_UNREACHABLE_CODE = YES;
				CLANG_WARN__DUPLICATE_METHOD_MATCH = YES;
				"CODE_SIGN_IDENTITY[sdk=iphoneos*]" = "iPhone Developer";
				COPY_PHASE_STRIP = NO;
				DEBUG_INFORMATION_FORMAT = dwarf;
				ENABLE_STRICT_OBJC_MSGSEND = YES;
				ENABLE_TESTABILITY = YES;
				GCC_C_LANGUAGE_STANDARD = gnu99;
				GCC_DYNAMIC_NO_PIC = NO;
				GCC_NO_COMMON_BLOCKS = YES;
				GCC_OPTIMIZATION_LEVEL = 0;
				GCC_PREPROCESSOR_DEFINITIONS = (
					"DEBUG=1",
					"$(inherited)",
				);
				GCC_WARN_64_TO_32_BIT_CONVERSION = YES;
				GCC_WARN_ABOUT_RETURN_TYPE = YES_ERROR;
				GCC_WARN_UNDECLARED_SELECTOR = YES;
				GCC_WARN_UNINITIALIZED_AUTOS = YES_AGGRESSIVE;
				GCC_WARN_UNUSED_FUNCTION = YES;
				GCC_WARN_UNUSED_VARIABLE = YES;
				IPHONEOS_DEPLOYMENT_TARGET = 9.2;
				MTL_ENABLE_DEBUG_INFO = YES;
				ONLY_ACTIVE_ARCH = YES;
				SDKROOT = iphoneos;
				SWIFT_OPTIMIZATION_LEVEL = "-Onone";
			};
			name = Debug;
		};
		860692E71C745B9000E41119 /* Release */ = {
			isa = XCBuildConfiguration;
			buildSettings = {
				ALWAYS_SEARCH_USER_PATHS = NO;
				CLANG_CXX_LANGUAGE_STANDARD = "gnu++0x";
				CLANG_CXX_LIBRARY = "libc++";
				CLANG_ENABLE_MODULES = YES;
				CLANG_ENABLE_OBJC_ARC = YES;
				CLANG_WARN_BOOL_CONVERSION = YES;
				CLANG_WARN_CONSTANT_CONVERSION = YES;
				CLANG_WARN_DIRECT_OBJC_ISA_USAGE = YES_ERROR;
				CLANG_WARN_EMPTY_BODY = YES;
				CLANG_WARN_ENUM_CONVERSION = YES;
				CLANG_WARN_INT_CONVERSION = YES;
				CLANG_WARN_OBJC_ROOT_CLASS = YES_ERROR;
				CLANG_WARN_UNREACHABLE_CODE = YES;
				CLANG_WARN__DUPLICATE_METHOD_MATCH = YES;
				"CODE_SIGN_IDENTITY[sdk=iphoneos*]" = "iPhone Developer";
				COPY_PHASE_STRIP = NO;
				DEBUG_INFORMATION_FORMAT = "dwarf-with-dsym";
				ENABLE_NS_ASSERTIONS = NO;
				ENABLE_STRICT_OBJC_MSGSEND = YES;
				GCC_C_LANGUAGE_STANDARD = gnu99;
				GCC_NO_COMMON_BLOCKS = YES;
				GCC_WARN_64_TO_32_BIT_CONVERSION = YES;
				GCC_WARN_ABOUT_RETURN_TYPE = YES_ERROR;
				GCC_WARN_UNDECLARED_SELECTOR = YES;
				GCC_WARN_UNINITIALIZED_AUTOS = YES_AGGRESSIVE;
				GCC_WARN_UNUSED_FUNCTION = YES;
				GCC_WARN_UNUSED_VARIABLE = YES;
				IPHONEOS_DEPLOYMENT_TARGET = 9.2;
				MTL_ENABLE_DEBUG_INFO = NO;
				SDKROOT = iphoneos;
				VALIDATE_PRODUCT = YES;
			};
			name = Release;
		};
		860692E91C745B9000E41119 /* Debug */ = {
			isa = XCBuildConfiguration;
			buildSettings = {
				ASSETCATALOG_COMPILER_APPICON_NAME = AppIcon;
				CODE_SIGN_IDENTITY = "iPhone Developer: Shaokun Gu (EPNP7556MW)";
				INFOPLIST_FILE = BlueToothDemo/Info.plist;
				LD_RUNPATH_SEARCH_PATHS = "$(inherited) @executable_path/Frameworks";
				PRODUCT_BUNDLE_IDENTIFIER = com.gavin.BlueToothDemo;
				PRODUCT_NAME = "$(TARGET_NAME)";
				PROVISIONING_PROFILE = "606674c3-41c0-4124-823f-8fc55bd74d40";
			};
			name = Debug;
		};
		860692EA1C745B9000E41119 /* Release */ = {
			isa = XCBuildConfiguration;
			buildSettings = {
				ASSETCATALOG_COMPILER_APPICON_NAME = AppIcon;
				CODE_SIGN_IDENTITY = "iPhone Developer: Shaokun Gu (EPNP7556MW)";
				INFOPLIST_FILE = BlueToothDemo/Info.plist;
				LD_RUNPATH_SEARCH_PATHS = "$(inherited) @executable_path/Frameworks";
				PRODUCT_BUNDLE_IDENTIFIER = com.gavin.BlueToothDemo;
				PRODUCT_NAME = "$(TARGET_NAME)";
				PROVISIONING_PROFILE = "606674c3-41c0-4124-823f-8fc55bd74d40";
			};
			name = Release;
		};
/* End XCBuildConfiguration section */

/* Begin XCConfigurationList section */
		860692D11C745B9000E41119 /* Build configuration list for PBXProject "BlueToothDemo" */ = {
			isa = XCConfigurationList;
			buildConfigurations = (
				860692E61C745B9000E41119 /* Debug */,
				860692E71C745B9000E41119 /* Release */,
			);
			defaultConfigurationIsVisible = 0;
			defaultConfigurationName = Release;
		};
		860692E81C745B9000E41119 /* Build configuration list for PBXNativeTarget "BlueToothDemo" */ = {
			isa = XCConfigurationList;
			buildConfigurations = (
				860692E91C745B9000E41119 /* Debug */,
				860692EA1C745B9000E41119 /* Release */,
			);
			defaultConfigurationIsVisible = 0;
			defaultConfigurationName = Release;
		};
/* End XCConfigurationList section */
	};
	rootObject = 860692CE1C745B9000E41119 /* Project object */;
}
